
Microsoft Visual Studio Solution File, Format Version 12.00
# Visual Studio 15
VisualStudioVersion = 15.0.28307.168
MinimumVisualStudioVersion = 10.0.40219.1
Project("{FAE04EC0-301F-11D3-BF4B-00C04F79EFBC}") = "WpfApplication1", "WpfApplication1\WpfApplication1.csproj", "{7985AF94-F270-4872-8BE3-0D702E3647FD}"
EndProject
Global
	GlobalSection(SolutionConfigurationPlatforms) = preSolution
		Debug|Any CPU = Debug|Any CPU
		Release|Any CPU = Release|Any CPU
	EndGlobalSection
	GlobalSection(ProjectConfigurationPlatforms) = postSolution
		{7985AF94-F270-4872-8BE3-0D702E3647FD}.Debug|Any CPU.ActiveCfg = Debug|Any CPU
		{7985AF94-F270-4872-8BE3-0D702E3647FD}.Debug|Any CPU.Build.0 = Debug|Any CPU
		{7985AF94-F270-4872-8BE3-0D702E3647FD}.Release|Any CPU.ActiveCfg = Release|Any CPU
		{7985AF94-F270-4872-8BE3-0D702E3647FD}.Release|Any CPU.Build.0 = Release|Any CPU
	EndGlobalSection
	GlobalSection(SolutionProperties) = preSolution
		HideSolutionNode = FALSE
	EndGlobalSection
	GlobalSection(ExtensibilityGlobals) = postSolution
		SolutionGuid = {58F2E012-C998-4268-97A6-D7C80FA81256}
	EndGlobalSection
EndGlobal
